// !$*UTF8*$!
{
	archiveVersion = 1;
	classes = {
	};
	objectVersion = 50;
	objects = {

/* Begin PBXBuildFile section */
		D1153B40229ACA14007A3F6D /* TechLineRightView.swift in Sources */ = {isa = PBXBuildFile; fileRef = D1153B3F229ACA14007A3F6D /* TechLineRightView.swift */; };
		D1153B42229ACA23007A3F6D /* TechLineBottomView.swift in Sources */ = {isa = PBXBuildFile; fileRef = D1153B41229ACA23007A3F6D /* TechLineBottomView.swift */; };
		D1153B44229ACA33007A3F6D /* TechLineContentView.swift in Sources */ = {isa = PBXBuildFile; fileRef = D1153B43229ACA33007A3F6D /* TechLineContentView.swift */; };
		D168F5BD22971A7F006D61FE /* String_Extension.swift in Sources */ = {isa = PBXBuildFile; fileRef = D168F5BC22971A7F006D61FE /* String_Extension.swift */; };
		D168F5BF2297B4F3006D61FE /* ChartViewController.swift in Sources */ = {isa = PBXBuildFile; fileRef = D168F5BE2297B4F3006D61FE /* ChartViewController.swift */; };
		D168F5C7229825F8006D61FE /* KLineRightView.swift in Sources */ = {isa = PBXBuildFile; fileRef = D168F5C6229825F8006D61FE /* KLineRightView.swift */; };
		D1708FA2229239A400A8041E /* ChartManager.swift in Sources */ = {isa = PBXBuildFile; fileRef = D1708FA1229239A400A8041E /* ChartManager.swift */; };
		D1708FA422923A0200A8041E /* CandleItem.swift in Sources */ = {isa = PBXBuildFile; fileRef = D1708FA322923A0200A8041E /* CandleItem.swift */; };
		D1708FA622927F1600A8041E /* ChartUsingViewController.swift in Sources */ = {isa = PBXBuildFile; fileRef = D1708FA522927F1600A8041E /* ChartUsingViewController.swift */; };
		D18022CF228C1C4C00FC82EC /* KLineView.swift in Sources */ = {isa = PBXBuildFile; fileRef = D18022CE228C1C4C00FC82EC /* KLineView.swift */; };
		D18022D1228C1C6F00FC82EC /* TechLineView.swift in Sources */ = {isa = PBXBuildFile; fileRef = D18022D0228C1C6F00FC82EC /* TechLineView.swift */; };
		D18022D3228C1F8A00FC82EC /* CurrentLineView.swift in Sources */ = {isa = PBXBuildFile; fileRef = D18022D2228C1F8A00FC82EC /* CurrentLineView.swift */; };
		D18022D5228C2C8E00FC82EC /* BasicStockView.swift in Sources */ = {isa = PBXBuildFile; fileRef = D18022D4228C2C8E00FC82EC /* BasicStockView.swift */; };
		D18A3612229301650015EC29 /* Double_Extension.swift in Sources */ = {isa = PBXBuildFile; fileRef = D18A3611229301650015EC29 /* Double_Extension.swift */; };
		D194A1D62281A3EC00B4C943 /* AppDelegate.swift in Sources */ = {isa = PBXBuildFile; fileRef = D194A1D52281A3EC00B4C943 /* AppDelegate.swift */; };
		D194A1DD2281A3ED00B4C943 /* Assets.xcassets in Resources */ = {isa = PBXBuildFile; fileRef = D194A1DC2281A3ED00B4C943 /* Assets.xcassets */; };
		D194A1E02281A3ED00B4C943 /* LaunchScreen.storyboard in Resources */ = {isa = PBXBuildFile; fileRef = D194A1DE2281A3ED00B4C943 /* LaunchScreen.storyboard */; };
		D194A1E82281A40100B4C943 /* UIViewExtension.swift in Sources */ = {isa = PBXBuildFile; fileRef = D194A1E72281A40100B4C943 /* UIViewExtension.swift */; };
		D194A1EE2281AFAA00B4C943 /* UIBezierPath_extension.swift in Sources */ = {isa = PBXBuildFile; fileRef = D194A1ED2281AFAA00B4C943 /* UIBezierPath_extension.swift */; };
		D1C358BB2298A41E0022A91B /* KLineBottomView.swift in Sources */ = {isa = PBXBuildFile; fileRef = D1C358BA2298A41E0022A91B /* KLineBottomView.swift */; };
		D1CCE707228E75C6002A7CE3 /* PreviousCandles.json in Resources */ = {isa = PBXBuildFile; fileRef = D1CCE705228E75C6002A7CE3 /* PreviousCandles.json */; };
		D1CCE708228E75C6002A7CE3 /* Candles.json in Resources */ = {isa = PBXBuildFile; fileRef = D1CCE706228E75C6002A7CE3 /* Candles.json */; };
		D1DF179B2298BFCD0075C48D /* KlineContentView.swift in Sources */ = {isa = PBXBuildFile; fileRef = D1DF179A2298BFCD0075C48D /* KlineContentView.swift */; };
/* End PBXBuildFile section */

/* Begin PBXFileReference section */
		D1153B3F229ACA14007A3F6D /* TechLineRightView.swift */ = {isa = PBXFileReference; lastKnownFileType = sourcecode.swift; path = TechLineRightView.swift; sourceTree = "<group>"; };
		D1153B41229ACA23007A3F6D /* TechLineBottomView.swift */ = {isa = PBXFileReference; lastKnownFileType = sourcecode.swift; path = TechLineBottomView.swift; sourceTree = "<group>"; };
		D1153B43229ACA33007A3F6D /* TechLineContentView.swift */ = {isa = PBXFileReference; lastKnownFileType = sourcecode.swift; path = TechLineContentView.swift; sourceTree = "<group>"; };
		D168F5BC22971A7F006D61FE /* String_Extension.swift */ = {isa = PBXFileReference; lastKnownFileType = sourcecode.swift; path = String_Extension.swift; sourceTree = "<group>"; };
		D168F5BE2297B4F3006D61FE /* ChartViewController.swift */ = {isa = PBXFileReference; fileEncoding = 4; lastKnownFileType = sourcecode.swift; path = ChartViewController.swift; sourceTree = "<group>"; };
		D168F5C6229825F8006D61FE /* KLineRightView.swift */ = {isa = PBXFileReference; lastKnownFileType = sourcecode.swift; path = KLineRightView.swift; sourceTree = "<group>"; };
		D1708FA1229239A400A8041E /* ChartManager.swift */ = {isa = PBXFileReference; lastKnownFileType = sourcecode.swift; path = ChartManager.swift; sourceTree = "<group>"; };
		D1708FA322923A0200A8041E /* CandleItem.swift */ = {isa = PBXFileReference; lastKnownFileType = sourcecode.swift; path = CandleItem.swift; sourceTree = "<group>"; };
		D1708FA522927F1600A8041E /* ChartUsingViewController.swift */ = {isa = PBXFileReference; lastKnownFileType = sourcecode.swift; path = ChartUsingViewController.swift; sourceTree = "<group>"; };
		D18022CE228C1C4C00FC82EC /* KLineView.swift */ = {isa = PBXFileReference; lastKnownFileType = sourcecode.swift; path = KLineView.swift; sourceTree = "<group>"; };
		D18022D0228C1C6F00FC82EC /* TechLineView.swift */ = {isa = PBXFileReference; lastKnownFileType = sourcecode.swift; path = TechLineView.swift; sourceTree = "<group>"; };
		D18022D2228C1F8A00FC82EC /* CurrentLineView.swift */ = {isa = PBXFileReference; lastKnownFileType = sourcecode.swift; path = CurrentLineView.swift; sourceTree = "<group>"; };
		D18022D4228C2C8E00FC82EC /* BasicStockView.swift */ = {isa = PBXFileReference; lastKnownFileType = sourcecode.swift; path = BasicStockView.swift; sourceTree = "<group>"; };
		D18A3611229301650015EC29 /* Double_Extension.swift */ = {isa = PBXFileReference; lastKnownFileType = sourcecode.swift; path = Double_Extension.swift; sourceTree = "<group>"; };
		D194A1D22281A3EC00B4C943 /* StockLine.app */ = {isa = PBXFileReference; explicitFileType = wrapper.application; includeInIndex = 0; path = StockLine.app; sourceTree = BUILT_PRODUCTS_DIR; };
		D194A1D52281A3EC00B4C943 /* AppDelegate.swift */ = {isa = PBXFileReference; lastKnownFileType = sourcecode.swift; path = AppDelegate.swift; sourceTree = "<group>"; };
		D194A1DC2281A3ED00B4C943 /* Assets.xcassets */ = {isa = PBXFileReference; lastKnownFileType = folder.assetcatalog; path = Assets.xcassets; sourceTree = "<group>"; };
		D194A1DF2281A3ED00B4C943 /* Base */ = {isa = PBXFileReference; lastKnownFileType = file.storyboard; name = Base; path = Base.lproj/LaunchScreen.storyboard; sourceTree = "<group>"; };
		D194A1E12281A3ED00B4C943 /* Info.plist */ = {isa = PBXFileReference; lastKnownFileType = text.plist.xml; path = Info.plist; sourceTree = "<group>"; };
		D194A1E72281A40100B4C943 /* UIViewExtension.swift */ = {isa = PBXFileReference; lastKnownFileType = sourcecode.swift; path = UIViewExtension.swift; sourceTree = "<group>"; };
		D194A1ED2281AFAA00B4C943 /* UIBezierPath_extension.swift */ = {isa = PBXFileReference; lastKnownFileType = sourcecode.swift; path = UIBezierPath_extension.swift; sourceTree = "<group>"; };
		D1C358BA2298A41E0022A91B /* KLineBottomView.swift */ = {isa = PBXFileReference; lastKnownFileType = sourcecode.swift; path = KLineBottomView.swift; sourceTree = "<group>"; };
		D1CCE705228E75C6002A7CE3 /* PreviousCandles.json */ = {isa = PBXFileReference; fileEncoding = 4; lastKnownFileType = text.json; path = PreviousCandles.json; sourceTree = "<group>"; };
		D1CCE706228E75C6002A7CE3 /* Candles.json */ = {isa = PBXFileReference; fileEncoding = 4; lastKnownFileType = text.json; path = Candles.json; sourceTree = "<group>"; };
		D1DF179A2298BFCD0075C48D /* KlineContentView.swift */ = {isa = PBXFileReference; lastKnownFileType = sourcecode.swift; path = KlineContentView.swift; sourceTree = "<group>"; };
/* End PBXFileReference section */

/* Begin PBXFrameworksBuildPhase section */
		D194A1CF2281A3EC00B4C943 /* Frameworks */ = {
			isa = PBXFrameworksBuildPhase;
			buildActionMask = 2147483647;
			files = (
			);
			runOnlyForDeploymentPostprocessing = 0;
		};
/* End PBXFrameworksBuildPhase section */

/* Begin PBXGroup section */
		D194A1C92281A3EC00B4C943 = {
			isa = PBXGroup;
			children = (
				D194A1D42281A3EC00B4C943 /* StockLine */,
				D194A1D32281A3EC00B4C943 /* Products */,
			);
			sourceTree = "<group>";
		};
		D194A1D32281A3EC00B4C943 /* Products */ = {
			isa = PBXGroup;
			children = (
				D194A1D22281A3EC00B4C943 /* StockLine.app */,
			);
			name = Products;
			sourceTree = "<group>";
		};
		D194A1D42281A3EC00B4C943 /* StockLine */ = {
			isa = PBXGroup;
			children = (
				D194A1D52281A3EC00B4C943 /* AppDelegate.swift */,
				D1708FA1229239A400A8041E /* ChartManager.swift */,
				D1708FA322923A0200A8041E /* CandleItem.swift */,
				D1CCE703228E757A002A7CE3 /* Utilities */,
				D1CCE709228E75D5002A7CE3 /* Controller */,
				D1CCE70A228E75E0002A7CE3 /* View */,
				D1CCE704228E759F002A7CE3 /* MockData */,
				D194A1DC2281A3ED00B4C943 /* Assets.xcassets */,
				D194A1DE2281A3ED00B4C943 /* LaunchScreen.storyboard */,
				D194A1E12281A3ED00B4C943 /* Info.plist */,
			);
			path = StockLine;
			sourceTree = "<group>";
		};
		D1CCE703228E757A002A7CE3 /* Utilities */ = {
			isa = PBXGroup;
			children = (
				D194A1E72281A40100B4C943 /* UIViewExtension.swift */,
				D194A1ED2281AFAA00B4C943 /* UIBezierPath_extension.swift */,
				D18A3611229301650015EC29 /* Double_Extension.swift */,
				D168F5BC22971A7F006D61FE /* String_Extension.swift */,
			);
			path = Utilities;
			sourceTree = "<group>";
		};
		D1CCE704228E759F002A7CE3 /* MockData */ = {
			isa = PBXGroup;
			children = (
				D1CCE706228E75C6002A7CE3 /* Candles.json */,
				D1CCE705228E75C6002A7CE3 /* PreviousCandles.json */,
			);
			path = MockData;
			sourceTree = "<group>";
		};
		D1CCE709228E75D5002A7CE3 /* Controller */ = {
			isa = PBXGroup;
			children = (
				D1708FA522927F1600A8041E /* ChartUsingViewController.swift */,
				D168F5BE2297B4F3006D61FE /* ChartViewController.swift */,
			);
			path = Controller;
			sourceTree = "<group>";
		};
		D1CCE70A228E75E0002A7CE3 /* View */ = {
			isa = PBXGroup;
			children = (
				D1DF179C229965750075C48D /* BasicStockView */,
				D1E4557F22989DFF003599A5 /* KLineView */,
				D1E4558022989E09003599A5 /* TechView */,
			);
			path = View;
			sourceTree = "<group>";
		};
		D1DF179C229965750075C48D /* BasicStockView */ = {
			isa = PBXGroup;
			children = (
				D18022D4228C2C8E00FC82EC /* BasicStockView.swift */,
			);
			path = BasicStockView;
			sourceTree = "<group>";
		};
		D1E4557F22989DFF003599A5 /* KLineView */ = {
			isa = PBXGroup;
			children = (
				D18022CE228C1C4C00FC82EC /* KLineView.swift */,
				D168F5C6229825F8006D61FE /* KLineRightView.swift */,
				D1C358BA2298A41E0022A91B /* KLineBottomView.swift */,
				D1DF179A2298BFCD0075C48D /* KlineContentView.swift */,
				D18022D2228C1F8A00FC82EC /* CurrentLineView.swift */,
			);
			path = KLineView;
			sourceTree = "<group>";
		};
		D1E4558022989E09003599A5 /* TechView */ = {
			isa = PBXGroup;
			children = (
				D18022D0228C1C6F00FC82EC /* TechLineView.swift */,
				D1153B3F229ACA14007A3F6D /* TechLineRightView.swift */,
				D1153B41229ACA23007A3F6D /* TechLineBottomView.swift */,
				D1153B43229ACA33007A3F6D /* TechLineContentView.swift */,
			);
			path = TechView;
			sourceTree = "<group>";
		};
/* End PBXGroup section */

/* Begin PBXNativeTarget section */
		D194A1D12281A3EC00B4C943 /* StockLine */ = {
			isa = PBXNativeTarget;
			buildConfigurationList = D194A1E42281A3ED00B4C943 /* Build configuration list for PBXNativeTarget "StockLine" */;
			buildPhases = (
				D194A1CE2281A3EC00B4C943 /* Sources */,
				D194A1CF2281A3EC00B4C943 /* Frameworks */,
				D194A1D02281A3EC00B4C943 /* Resources */,
			);
			buildRules = (
			);
			dependencies = (
			);
			name = StockLine;
			productName = StockLine;
			productReference = D194A1D22281A3EC00B4C943 /* StockLine.app */;
			productType = "com.apple.product-type.application";
		};
/* End PBXNativeTarget section */

/* Begin PBXProject section */
		D194A1CA2281A3EC00B4C943 /* Project object */ = {
			isa = PBXProject;
			attributes = {
				LastSwiftUpdateCheck = 1010;
				LastUpgradeCheck = 1010;
				ORGANIZATIONNAME = "Chung Han Hsin";
				TargetAttributes = {
					D194A1D12281A3EC00B4C943 = {
						CreatedOnToolsVersion = 10.1;
						LastSwiftMigration = 1020;
					};
				};
			};
			buildConfigurationList = D194A1CD2281A3EC00B4C943 /* Build configuration list for PBXProject "StockLine" */;
			compatibilityVersion = "Xcode 9.3";
			developmentRegion = en;
			hasScannedForEncodings = 0;
			knownRegions = (
				en,
				Base,
			);
			mainGroup = D194A1C92281A3EC00B4C943;
			productRefGroup = D194A1D32281A3EC00B4C943 /* Products */;
			projectDirPath = "";
			projectRoot = "";
			targets = (
				D194A1D12281A3EC00B4C943 /* StockLine */,
			);
		};
/* End PBXProject section */

/* Begin PBXResourcesBuildPhase section */
		D194A1D02281A3EC00B4C943 /* Resources */ = {
			isa = PBXResourcesBuildPhase;
			buildActionMask = 2147483647;
			files = (
				D1CCE708228E75C6002A7CE3 /* Candles.json in Resources */,
				D194A1E02281A3ED00B4C943 /* LaunchScreen.storyboard in Resources */,
				D194A1DD2281A3ED00B4C943 /* Assets.xcassets in Resources */,
				D1CCE707228E75C6002A7CE3 /* PreviousCandles.json in Resources */,
			);
			runOnlyForDeploymentPostprocessing = 0;
		};
/* End PBXResourcesBuildPhase section */

/* Begin PBXSourcesBuildPhase section */
		D194A1CE2281A3EC00B4C943 /* Sources */ = {
			isa = PBXSourcesBuildPhase;
			buildActionMask = 2147483647;
			files = (
				D18022D1228C1C6F00FC82EC /* TechLineView.swift in Sources */,
				D194A1E82281A40100B4C943 /* UIViewExtension.swift in Sources */,
				D1708FA2229239A400A8041E /* ChartManager.swift in Sources */,
				D168F5C7229825F8006D61FE /* KLineRightView.swift in Sources */,
				D194A1EE2281AFAA00B4C943 /* UIBezierPath_extension.swift in Sources */,
				D168F5BF2297B4F3006D61FE /* ChartViewController.swift in Sources */,
				D168F5BD22971A7F006D61FE /* String_Extension.swift in Sources */,
				D1708FA622927F1600A8041E /* ChartUsingViewController.swift in Sources */,
				D194A1D62281A3EC00B4C943 /* AppDelegate.swift in Sources */,
				D18022D5228C2C8E00FC82EC /* BasicStockView.swift in Sources */,
				D1DF179B2298BFCD0075C48D /* KlineContentView.swift in Sources */,
				D18A3612229301650015EC29 /* Double_Extension.swift in Sources */,
				D18022CF228C1C4C00FC82EC /* KLineView.swift in Sources */,
				D1C358BB2298A41E0022A91B /* KLineBottomView.swift in Sources */,
				D18022D3228C1F8A00FC82EC /* CurrentLineView.swift in Sources */,
				D1153B42229ACA23007A3F6D /* TechLineBottomView.swift in Sources */,
				D1708FA422923A0200A8041E /* CandleItem.swift in Sources */,
				D1153B44229ACA33007A3F6D /* TechLineContentView.swift in Sources */,
				D1153B40229ACA14007A3F6D /* TechLineRightView.swift in Sources */,
			);
			runOnlyForDeploymentPostprocessing = 0;
		};
/* End PBXSourcesBuildPhase section */

/* Begin PBXVariantGroup section */
		D194A1DE2281A3ED00B4C943 /* LaunchScreen.storyboard */ = {
			isa = PBXVariantGroup;
			children = (
				D194A1DF2281A3ED00B4C943 /* Base */,
			);
			name = LaunchScreen.storyboard;
			sourceTree = "<group>";
		};
/* End PBXVariantGroup section */

/* Begin XCBuildConfiguration section */
		D194A1E22281A3ED00B4C943 /* Debug */ = {
			isa = XCBuildConfiguration;
			buildSettings = {
				ALWAYS_SEARCH_USER_PATHS = NO;
				CLANG_ANALYZER_NONNULL = YES;
				CLANG_ANALYZER_NUMBER_OBJECT_CONVERSION = YES_AGGRESSIVE;
				CLANG_CXX_LANGUAGE_STANDARD = "gnu++14";
				CLANG_CXX_LIBRARY = "libc++";
				CLANG_ENABLE_MODULES = YES;
				CLANG_ENABLE_OBJC_ARC = YES;
				CLANG_ENABLE_OBJC_WEAK = YES;
				CLANG_WARN_BLOCK_CAPTURE_AUTORELEASING = YES;
				CLANG_WARN_BOOL_CONVERSION = YES;
				CLANG_WARN_COMMA = YES;
				CLANG_WARN_CONSTANT_CONVERSION = YES;
				CLANG_WARN_DEPRECATED_OBJC_IMPLEMENTATIONS = YES;
				CLANG_WARN_DIRECT_OBJC_ISA_USAGE = YES_ERROR;
				CLANG_WARN_DOCUMENTATION_COMMENTS = YES;
				CLANG_WARN_EMPTY_BODY = YES;
				CLANG_WARN_ENUM_CONVERSION = YES;
				CLANG_WARN_INFINITE_RECURSION = YES;
				CLANG_WARN_INT_CONVERSION = YES;
				CLANG_WARN_NON_LITERAL_NULL_CONVERSION = YES;
				CLANG_WARN_OBJC_IMPLICIT_RETAIN_SELF = YES;
				CLANG_WARN_OBJC_LITERAL_CONVERSION = YES;
				CLANG_WARN_OBJC_ROOT_CLASS = YES_ERROR;
				CLANG_WARN_RANGE_LOOP_ANALYSIS = YES;
				CLANG_WARN_STRICT_PROTOTYPES = YES;
				CLANG_WARN_SUSPICIOUS_MOVE = YES;
				CLANG_WARN_UNGUARDED_AVAILABILITY = YES_AGGRESSIVE;
				CLANG_WARN_UNREACHABLE_CODE = YES;
				CLANG_WARN__DUPLICATE_METHOD_MATCH = YES;
				CODE_SIGN_IDENTITY = "iPhone Developer";
				COPY_PHASE_STRIP = NO;
				DEBUG_INFORMATION_FORMAT = dwarf;
				ENABLE_STRICT_OBJC_MSGSEND = YES;
				ENABLE_TESTABILITY = YES;
				GCC_C_LANGUAGE_STANDARD = gnu11;
				GCC_DYNAMIC_NO_PIC = NO;
				GCC_NO_COMMON_BLOCKS = YES;
				GCC_OPTIMIZATION_LEVEL = 0;
				GCC_PREPROCESSOR_DEFINITIONS = (
					"DEBUG=1",
					"$(inherited)",
				);
				GCC_WARN_64_TO_32_BIT_CONVERSION = YES;
				GCC_WARN_ABOUT_RETURN_TYPE = YES_ERROR;
				GCC_WARN_UNDECLARED_SELECTOR = YES;
				GCC_WARN_UNINITIALIZED_AUTOS = YES_AGGRESSIVE;
				GCC_WARN_UNUSED_FUNCTION = YES;
				GCC_WARN_UNUSED_VARIABLE = YES;
				IPHONEOS_DEPLOYMENT_TARGET = 12.1;
				MTL_ENABLE_DEBUG_INFO = INCLUDE_SOURCE;
				MTL_FAST_MATH = YES;
				ONLY_ACTIVE_ARCH = YES;
				SDKROOT = iphoneos;
				SWIFT_ACTIVE_COMPILATION_CONDITIONS = DEBUG;
				SWIFT_OPTIMIZATION_LEVEL = "-Onone";
			};
			name = Debug;
		};
		D194A1E32281A3ED00B4C943 /* Release */ = {
			isa = XCBuildConfiguration;
			buildSettings = {
				ALWAYS_SEARCH_USER_PATHS = NO;
				CLANG_ANALYZER_NONNULL = YES;
				CLANG_ANALYZER_NUMBER_OBJECT_CONVERSION = YES_AGGRESSIVE;
				CLANG_CXX_LANGUAGE_STANDARD = "gnu++14";
				CLANG_CXX_LIBRARY = "libc++";
				CLANG_ENABLE_MODULES = YES;
				CLANG_ENABLE_OBJC_ARC = YES;
				CLANG_ENABLE_OBJC_WEAK = YES;
				CLANG_WARN_BLOCK_CAPTURE_AUTORELEASING = YES;
				CLANG_WARN_BOOL_CONVERSION = YES;
				CLANG_WARN_COMMA = YES;
				CLANG_WARN_CONSTANT_CONVERSION = YES;
				CLANG_WARN_DEPRECATED_OBJC_IMPLEMENTATIONS = YES;
				CLANG_WARN_DIRECT_OBJC_ISA_USAGE = YES_ERROR;
				CLANG_WARN_DOCUMENTATION_COMMENTS = YES;
				CLANG_WARN_EMPTY_BODY = YES;
				CLANG_WARN_ENUM_CONVERSION = YES;
				CLANG_WARN_INFINITE_RECURSION = YES;
				CLANG_WARN_INT_CONVERSION = YES;
				CLANG_WARN_NON_LITERAL_NULL_CONVERSION = YES;
				CLANG_WARN_OBJC_IMPLICIT_RETAIN_SELF = YES;
				CLANG_WARN_OBJC_LITERAL_CONVERSION = YES;
				CLANG_WARN_OBJC_ROOT_CLASS = YES_ERROR;
				CLANG_WARN_RANGE_LOOP_ANALYSIS = YES;
				CLANG_WARN_STRICT_PROTOTYPES = YES;
				CLANG_WARN_SUSPICIOUS_MOVE = YES;
				CLANG_WARN_UNGUARDED_AVAILABILITY = YES_AGGRESSIVE;
				CLANG_WARN_UNREACHABLE_CODE = YES;
				CLANG_WARN__DUPLICATE_METHOD_MATCH = YES;
				CODE_SIGN_IDENTITY = "iPhone Developer";
				COPY_PHASE_STRIP = NO;
				DEBUG_INFORMATION_FORMAT = "dwarf-with-dsym";
				ENABLE_NS_ASSERTIONS = NO;
				ENABLE_STRICT_OBJC_MSGSEND = YES;
				GCC_C_LANGUAGE_STANDARD = gnu11;
				GCC_NO_COMMON_BLOCKS = YES;
				GCC_WARN_64_TO_32_BIT_CONVERSION = YES;
				GCC_WARN_ABOUT_RETURN_TYPE = YES_ERROR;
				GCC_WARN_UNDECLARED_SELECTOR = YES;
				GCC_WARN_UNINITIALIZED_AUTOS = YES_AGGRESSIVE;
				GCC_WARN_UNUSED_FUNCTION = YES;
				GCC_WARN_UNUSED_VARIABLE = YES;
				IPHONEOS_DEPLOYMENT_TARGET = 12.1;
				MTL_ENABLE_DEBUG_INFO = NO;
				MTL_FAST_MATH = YES;
				SDKROOT = iphoneos;
				SWIFT_COMPILATION_MODE = wholemodule;
				SWIFT_OPTIMIZATION_LEVEL = "-O";
				VALIDATE_PRODUCT = YES;
			};
			name = Release;
		};
		D194A1E52281A3ED00B4C943 /* Debug */ = {
			isa = XCBuildConfiguration;
			buildSettings = {
				ASSETCATALOG_COMPILER_APPICON_NAME = AppIcon;
				CODE_SIGN_STYLE = Automatic;
				DEVELOPMENT_TEAM = WAGW44Z6JC;
				INFOPLIST_FILE = StockLine/Info.plist;
				LD_RUNPATH_SEARCH_PATHS = (
					"$(inherited)",
					"@executable_path/Frameworks",
				);
				PRODUCT_BUNDLE_IDENTIFIER = com.Hsin.CoolApp.StockLine;
				PRODUCT_NAME = "$(TARGET_NAME)";
				SWIFT_VERSION = 5.0;
				TARGETED_DEVICE_FAMILY = "1,2";
			};
			name = Debug;
		};
		D194A1E62281A3ED00B4C943 /* Release */ = {
			isa = XCBuildConfiguration;
			buildSettings = {
				ASSETCATALOG_COMPILER_APPICON_NAME = AppIcon;
				CODE_SIGN_STYLE = Automatic;
				DEVELOPMENT_TEAM = WAGW44Z6JC;
				INFOPLIST_FILE = StockLine/Info.plist;
				LD_RUNPATH_SEARCH_PATHS = (
					"$(inherited)",
					"@executable_path/Frameworks",
				);
				PRODUCT_BUNDLE_IDENTIFIER = com.Hsin.CoolApp.StockLine;
				PRODUCT_NAME = "$(TARGET_NAME)";
				SWIFT_VERSION = 5.0;
				TARGETED_DEVICE_FAMILY = "1,2";
			};
			name = Release;
		};
/* End XCBuildConfiguration section */

/* Begin XCConfigurationList section */
		D194A1CD2281A3EC00B4C943 /* Build configuration list for PBXProject "StockLine" */ = {
			isa = XCConfigurationList;
			buildConfigurations = (
				D194A1E22281A3ED00B4C943 /* Debug */,
				D194A1E32281A3ED00B4C943 /* Release */,
			);
			defaultConfigurationIsVisible = 0;
			defaultConfigurationName = Release;
		};
		D194A1E42281A3ED00B4C943 /* Build configuration list for PBXNativeTarget "StockLine" */ = {
			isa = XCConfigurationList;
			buildConfigurations = (
				D194A1E52281A3ED00B4C943 /* Debug */,
				D194A1E62281A3ED00B4C943 /* Release */,
			);
			defaultConfigurationIsVisible = 0;
			defaultConfigurationName = Release;
		};
/* End XCConfigurationList section */
	};
	rootObject = D194A1CA2281A3EC00B4C943 /* Project object */;
}
